
Microsoft Visual Studio Solution File, Format Version 12.00
# Visual Studio Version 16
VisualStudioVersion = 16.0.30406.217
MinimumVisualStudioVersion = 10.0.40219.1
Project("{FAE04EC0-301F-11D3-BF4B-00C04F79EFBC}") = "ObligatoriskOppgave1", "ObligatoriskOppgave1\ObligatoriskOppgave1.csproj", "{A24E8388-A057-4850-B9A3-723616CDD923}"
EndProject
Project("{FAE04EC0-301F-11D3-BF4B-00C04F79EFBC}") = "ObligatoriskOppgave1Test", "ObligatoriskOppgave1Test\ObligatoriskOppgave1Test.csproj", "{E4B81BF3-75CA-45CF-846E-2D31CDD22E27}"
EndProject
Global
	GlobalSection(SolutionConfigurationPlatforms) = preSolution
		Debug|Any CPU = Debug|Any CPU
		Release|Any CPU = Release|Any CPU
	EndGlobalSection
	GlobalSection(ProjectConfigurationPlatforms) = postSolution
		{A24E8388-A057-4850-B9A3-723616CDD923}.Debug|Any CPU.ActiveCfg = Debug|Any CPU
		{A24E8388-A057-4850-B9A3-723616CDD923}.Debug|Any CPU.Build.0 = Debug|Any CPU
		{A24E8388-A057-4850-B9A3-723616CDD923}.Release|Any CPU.ActiveCfg = Release|Any CPU
		{A24E8388-A057-4850-B9A3-723616CDD923}.Release|Any CPU.Build.0 = Release|Any CPU
		{E4B81BF3-75CA-45CF-846E-2D31CDD22E27}.Debug|Any CPU.ActiveCfg = Debug|Any CPU
		{E4B81BF3-75CA-45CF-846E-2D31CDD22E27}.Debug|Any CPU.Build.0 = Debug|Any CPU
		{E4B81BF3-75CA-45CF-846E-2D31CDD22E27}.Release|Any CPU.ActiveCfg = Release|Any CPU
		{E4B81BF3-75CA-45CF-846E-2D31CDD22E27}.Release|Any CPU.Build.0 = Release|Any CPU
	EndGlobalSection
	GlobalSection(SolutionProperties) = preSolution
		HideSolutionNode = FALSE
	EndGlobalSection
	GlobalSection(ExtensibilityGlobals) = postSolution
		SolutionGuid = {20A17BFF-7387-4DC8-9CEB-BE50BECC7004}
	EndGlobalSection
EndGlobal
